// !$*UTF8*$!
{
	archiveVersion = 1;
	classes = {
	};
	objectVersion = 48;
	objects = {

/* Begin PBXBuildFile section */
		967B20631F86966800CBA053 /* LoggerButton.swift in Sources */ = {isa = PBXBuildFile; fileRef = 967B20621F86966800CBA053 /* LoggerButton.swift */; };
		967B20661F8696A500CBA053 /* SwiftyBeaver.framework in Frameworks */ = {isa = PBXBuildFile; fileRef = 967B20651F8696A500CBA053 /* SwiftyBeaver.framework */; };
		96E22A071F86952B00F409DD /* AppDelegate.swift in Sources */ = {isa = PBXBuildFile; fileRef = 96E22A061F86952B00F409DD /* AppDelegate.swift */; };
		96E22A091F86952B00F409DD /* ViewController.swift in Sources */ = {isa = PBXBuildFile; fileRef = 96E22A081F86952B00F409DD /* ViewController.swift */; };
		96E22A0C1F86952B00F409DD /* Main.storyboard in Resources */ = {isa = PBXBuildFile; fileRef = 96E22A0A1F86952B00F409DD /* Main.storyboard */; };
		96E22A0E1F86952B00F409DD /* Assets.xcassets in Resources */ = {isa = PBXBuildFile; fileRef = 96E22A0D1F86952B00F409DD /* Assets.xcassets */; };
		96E22A111F86952B00F409DD /* LaunchScreen.storyboard in Resources */ = {isa = PBXBuildFile; fileRef = 96E22A0F1F86952B00F409DD /* LaunchScreen.storyboard */; };
/* End PBXBuildFile section */

/* Begin PBXFileReference section */
		967B20621F86966800CBA053 /* LoggerButton.swift */ = {isa = PBXFileReference; lastKnownFileType = sourcecode.swift; path = LoggerButton.swift; sourceTree = "<group>"; };
		967B20651F8696A500CBA053 /* SwiftyBeaver.framework */ = {isa = PBXFileReference; lastKnownFileType = wrapper.framework; name = SwiftyBeaver.framework; path = Carthage/Build/iOS/SwiftyBeaver.framework; sourceTree = "<group>"; };
		96E22A031F86952B00F409DD /* SwiftLoggingDemo.app */ = {isa = PBXFileReference; explicitFileType = wrapper.application; includeInIndex = 0; path = SwiftLoggingDemo.app; sourceTree = BUILT_PRODUCTS_DIR; };
		96E22A061F86952B00F409DD /* AppDelegate.swift */ = {isa = PBXFileReference; lastKnownFileType = sourcecode.swift; path = AppDelegate.swift; sourceTree = "<group>"; };
		96E22A081F86952B00F409DD /* ViewController.swift */ = {isa = PBXFileReference; lastKnownFileType = sourcecode.swift; path = ViewController.swift; sourceTree = "<group>"; };
		96E22A0B1F86952B00F409DD /* Base */ = {isa = PBXFileReference; lastKnownFileType = file.storyboard; name = Base; path = Base.lproj/Main.storyboard; sourceTree = "<group>"; };
		96E22A0D1F86952B00F409DD /* Assets.xcassets */ = {isa = PBXFileReference; lastKnownFileType = folder.assetcatalog; path = Assets.xcassets; sourceTree = "<group>"; };
		96E22A101F86952B00F409DD /* Base */ = {isa = PBXFileReference; lastKnownFileType = file.storyboard; name = Base; path = Base.lproj/LaunchScreen.storyboard; sourceTree = "<group>"; };
		96E22A121F86952B00F409DD /* Info.plist */ = {isa = PBXFileReference; lastKnownFileType = text.plist.xml; path = Info.plist; sourceTree = "<group>"; };
/* End PBXFileReference section */

/* Begin PBXFrameworksBuildPhase section */
		96E22A001F86952B00F409DD /* Frameworks */ = {
			isa = PBXFrameworksBuildPhase;
			buildActionMask = 2147483647;
			files = (
				967B20661F8696A500CBA053 /* SwiftyBeaver.framework in Frameworks */,
			);
			runOnlyForDeploymentPostprocessing = 0;
		};
/* End PBXFrameworksBuildPhase section */

/* Begin PBXGroup section */
		967B20641F8696A500CBA053 /* Frameworks */ = {
			isa = PBXGroup;
			children = (
				967B20651F8696A500CBA053 /* SwiftyBeaver.framework */,
			);
			name = Frameworks;
			sourceTree = "<group>";
		};
		96E229FA1F86952B00F409DD = {
			isa = PBXGroup;
			children = (
				96E22A051F86952B00F409DD /* SwiftLoggingDemo */,
				96E22A041F86952B00F409DD /* Products */,
				967B20641F8696A500CBA053 /* Frameworks */,
			);
			sourceTree = "<group>";
		};
		96E22A041F86952B00F409DD /* Products */ = {
			isa = PBXGroup;
			children = (
				96E22A031F86952B00F409DD /* SwiftLoggingDemo.app */,
			);
			name = Products;
			sourceTree = "<group>";
		};
		96E22A051F86952B00F409DD /* SwiftLoggingDemo */ = {
			isa = PBXGroup;
			children = (
				96E22A061F86952B00F409DD /* AppDelegate.swift */,
				96E22A081F86952B00F409DD /* ViewController.swift */,
				967B20621F86966800CBA053 /* LoggerButton.swift */,
				96E22A0A1F86952B00F409DD /* Main.storyboard */,
				96E22A0D1F86952B00F409DD /* Assets.xcassets */,
				96E22A0F1F86952B00F409DD /* LaunchScreen.storyboard */,
				96E22A121F86952B00F409DD /* Info.plist */,
			);
			path = SwiftLoggingDemo;
			sourceTree = "<group>";
		};
/* End PBXGroup section */

/* Begin PBXNativeTarget section */
		96E22A021F86952B00F409DD /* SwiftLoggingDemo */ = {
			isa = PBXNativeTarget;
			buildConfigurationList = 96E22A151F86952B00F409DD /* Build configuration list for PBXNativeTarget "SwiftLoggingDemo" */;
			buildPhases = (
				96E229FF1F86952B00F409DD /* Sources */,
				96E22A001F86952B00F409DD /* Frameworks */,
				96E22A011F86952B00F409DD /* Resources */,
				967B20671F8696AE00CBA053 /* ShellScript */,
			);
			buildRules = (
			);
			dependencies = (
			);
			name = SwiftLoggingDemo;
			productName = SwiftLoggingDemo;
			productReference = 96E22A031F86952B00F409DD /* SwiftLoggingDemo.app */;
			productType = "com.apple.product-type.application";
		};
/* End PBXNativeTarget section */

/* Begin PBXProject section */
		96E229FB1F86952B00F409DD /* Project object */ = {
			isa = PBXProject;
			attributes = {
				LastSwiftUpdateCheck = 0900;
				LastUpgradeCheck = 0900;
				ORGANIZATIONNAME = culumn;
				TargetAttributes = {
					96E22A021F86952B00F409DD = {
						CreatedOnToolsVersion = 9.0;
						ProvisioningStyle = Automatic;
					};
				};
			};
			buildConfigurationList = 96E229FE1F86952B00F409DD /* Build configuration list for PBXProject "SwiftLoggingDemo" */;
			compatibilityVersion = "Xcode 8.0";
			developmentRegion = en;
			hasScannedForEncodings = 0;
			knownRegions = (
				en,
				Base,
			);
			mainGroup = 96E229FA1F86952B00F409DD;
			productRefGroup = 96E22A041F86952B00F409DD /* Products */;
			projectDirPath = "";
			projectRoot = "";
			targets = (
				96E22A021F86952B00F409DD /* SwiftLoggingDemo */,
			);
		};
/* End PBXProject section */

/* Begin PBXResourcesBuildPhase section */
		96E22A011F86952B00F409DD /* Resources */ = {
			isa = PBXResourcesBuildPhase;
			buildActionMask = 2147483647;
			files = (
				96E22A111F86952B00F409DD /* LaunchScreen.storyboard in Resources */,
				96E22A0E1F86952B00F409DD /* Assets.xcassets in Resources */,
				96E22A0C1F86952B00F409DD /* Main.storyboard in Resources */,
			);
			runOnlyForDeploymentPostprocessing = 0;
		};
/* End PBXResourcesBuildPhase section */

/* Begin PBXShellScriptBuildPhase section */
		967B20671F8696AE00CBA053 /* ShellScript */ = {
			isa = PBXShellScriptBuildPhase;
			buildActionMask = 2147483647;
			files = (
			);
			inputPaths = (
				"$(SRCROOT)/Carthage/Build/iOS/SwiftyBeaver.framework",
			);
			outputPaths = (
			);
			runOnlyForDeploymentPostprocessing = 0;
			shellPath = /bin/sh;
			shellScript = "/usr/local/bin/carthage copy-frameworks";
		};
/* End PBXShellScriptBuildPhase section */

/* Begin PBXSourcesBuildPhase section */
		96E229FF1F86952B00F409DD /* Sources */ = {
			isa = PBXSourcesBuildPhase;
			buildActionMask = 2147483647;
			files = (
				96E22A091F86952B00F409DD /* ViewController.swift in Sources */,
				967B20631F86966800CBA053 /* LoggerButton.swift in Sources */,
				96E22A071F86952B00F409DD /* AppDelegate.swift in Sources */,
			);
			runOnlyForDeploymentPostprocessing = 0;
		};
/* End PBXSourcesBuildPhase section */

/* Begin PBXVariantGroup section */
		96E22A0A1F86952B00F409DD /* Main.storyboard */ = {
			isa = PBXVariantGroup;
			children = (
				96E22A0B1F86952B00F409DD /* Base */,
			);
			name = Main.storyboard;
			sourceTree = "<group>";
		};
		96E22A0F1F86952B00F409DD /* LaunchScreen.storyboard */ = {
			isa = PBXVariantGroup;
			children = (
				96E22A101F86952B00F409DD /* Base */,
			);
			name = LaunchScreen.storyboard;
			sourceTree = "<group>";
		};
/* End PBXVariantGroup section */

/* Begin XCBuildConfiguration section */
		96E22A131F86952B00F409DD /* Debug */ = {
			isa = XCBuildConfiguration;
			buildSettings = {
				ALWAYS_SEARCH_USER_PATHS = NO;
				CLANG_ANALYZER_NONNULL = YES;
				CLANG_ANALYZER_NUMBER_OBJECT_CONVERSION = YES_AGGRESSIVE;
				CLANG_CXX_LANGUAGE_STANDARD = "gnu++14";
				CLANG_CXX_LIBRARY = "libc++";
				CLANG_ENABLE_MODULES = YES;
				CLANG_ENABLE_OBJC_ARC = YES;
				CLANG_WARN_BLOCK_CAPTURE_AUTORELEASING = YES;
				CLANG_WARN_BOOL_CONVERSION = YES;
				CLANG_WARN_COMMA = YES;
				CLANG_WARN_CONSTANT_CONVERSION = YES;
				CLANG_WARN_DIRECT_OBJC_ISA_USAGE = YES_ERROR;
				CLANG_WARN_DOCUMENTATION_COMMENTS = YES;
				CLANG_WARN_EMPTY_BODY = YES;
				CLANG_WARN_ENUM_CONVERSION = YES;
				CLANG_WARN_INFINITE_RECURSION = YES;
				CLANG_WARN_INT_CONVERSION = YES;
				CLANG_WARN_NON_LITERAL_NULL_CONVERSION = YES;
				CLANG_WARN_OBJC_LITERAL_CONVERSION = YES;
				CLANG_WARN_OBJC_ROOT_CLASS = YES_ERROR;
				CLANG_WARN_RANGE_LOOP_ANALYSIS = YES;
				CLANG_WARN_STRICT_PROTOTYPES = YES;
				CLANG_WARN_SUSPICIOUS_MOVE = YES;
				CLANG_WARN_UNGUARDED_AVAILABILITY = YES_AGGRESSIVE;
				CLANG_WARN_UNREACHABLE_CODE = YES;
				CLANG_WARN__DUPLICATE_METHOD_MATCH = YES;
				CODE_SIGN_IDENTITY = "iPhone Developer";
				COPY_PHASE_STRIP = NO;
				DEBUG_INFORMATION_FORMAT = dwarf;
				ENABLE_STRICT_OBJC_MSGSEND = YES;
				ENABLE_TESTABILITY = YES;
				GCC_C_LANGUAGE_STANDARD = gnu11;
				GCC_DYNAMIC_NO_PIC = NO;
				GCC_NO_COMMON_BLOCKS = YES;
				GCC_OPTIMIZATION_LEVEL = 0;
				GCC_PREPROCESSOR_DEFINITIONS = (
					"DEBUG=1",
					"$(inherited)",
				);
				GCC_WARN_64_TO_32_BIT_CONVERSION = YES;
				GCC_WARN_ABOUT_RETURN_TYPE = YES_ERROR;
				GCC_WARN_UNDECLARED_SELECTOR = YES;
				GCC_WARN_UNINITIALIZED_AUTOS = YES_AGGRESSIVE;
				GCC_WARN_UNUSED_FUNCTION = YES;
				GCC_WARN_UNUSED_VARIABLE = YES;
				IPHONEOS_DEPLOYMENT_TARGET = 11.0;
				MTL_ENABLE_DEBUG_INFO = YES;
				ONLY_ACTIVE_ARCH = YES;
				SDKROOT = iphoneos;
				SWIFT_ACTIVE_COMPILATION_CONDITIONS = DEBUG;
				SWIFT_OPTIMIZATION_LEVEL = "-Onone";
			};
			name = Debug;
		};
		96E22A141F86952B00F409DD /* Release */ = {
			isa = XCBuildConfiguration;
			buildSettings = {
				ALWAYS_SEARCH_USER_PATHS = NO;
				CLANG_ANALYZER_NONNULL = YES;
				CLANG_ANALYZER_NUMBER_OBJECT_CONVERSION = YES_AGGRESSIVE;
				CLANG_CXX_LANGUAGE_STANDARD = "gnu++14";
				CLANG_CXX_LIBRARY = "libc++";
				CLANG_ENABLE_MODULES = YES;
				CLANG_ENABLE_OBJC_ARC = YES;
				CLANG_WARN_BLOCK_CAPTURE_AUTORELEASING = YES;
				CLANG_WARN_BOOL_CONVERSION = YES;
				CLANG_WARN_COMMA = YES;
				CLANG_WARN_CONSTANT_CONVERSION = YES;
				CLANG_WARN_DIRECT_OBJC_ISA_USAGE = YES_ERROR;
				CLANG_WARN_DOCUMENTATION_COMMENTS = YES;
				CLANG_WARN_EMPTY_BODY = YES;
				CLANG_WARN_ENUM_CONVERSION = YES;
				CLANG_WARN_INFINITE_RECURSION = YES;
				CLANG_WARN_INT_CONVERSION = YES;
				CLANG_WARN_NON_LITERAL_NULL_CONVERSION = YES;
				CLANG_WARN_OBJC_LITERAL_CONVERSION = YES;
				CLANG_WARN_OBJC_ROOT_CLASS = YES_ERROR;
				CLANG_WARN_RANGE_LOOP_ANALYSIS = YES;
				CLANG_WARN_STRICT_PROTOTYPES = YES;
				CLANG_WARN_SUSPICIOUS_MOVE = YES;
				CLANG_WARN_UNGUARDED_AVAILABILITY = YES_AGGRESSIVE;
				CLANG_WARN_UNREACHABLE_CODE = YES;
				CLANG_WARN__DUPLICATE_METHOD_MATCH = YES;
				CODE_SIGN_IDENTITY = "iPhone Developer";
				COPY_PHASE_STRIP = NO;
				DEBUG_INFORMATION_FORMAT = "dwarf-with-dsym";
				ENABLE_NS_ASSERTIONS = NO;
				ENABLE_STRICT_OBJC_MSGSEND = YES;
				GCC_C_LANGUAGE_STANDARD = gnu11;
				GCC_NO_COMMON_BLOCKS = YES;
				GCC_WARN_64_TO_32_BIT_CONVERSION = YES;
				GCC_WARN_ABOUT_RETURN_TYPE = YES_ERROR;
				GCC_WARN_UNDECLARED_SELECTOR = YES;
				GCC_WARN_UNINITIALIZED_AUTOS = YES_AGGRESSIVE;
				GCC_WARN_UNUSED_FUNCTION = YES;
				GCC_WARN_UNUSED_VARIABLE = YES;
				IPHONEOS_DEPLOYMENT_TARGET = 11.0;
				MTL_ENABLE_DEBUG_INFO = NO;
				SDKROOT = iphoneos;
				SWIFT_OPTIMIZATION_LEVEL = "-Owholemodule";
				VALIDATE_PRODUCT = YES;
			};
			name = Release;
		};
		96E22A161F86952B00F409DD /* Debug */ = {
			isa = XCBuildConfiguration;
			buildSettings = {
				ASSETCATALOG_COMPILER_APPICON_NAME = AppIcon;
				CODE_SIGN_STYLE = Automatic;
				FRAMEWORK_SEARCH_PATHS = (
					"$(inherited)",
					"$(PROJECT_DIR)/Carthage/Build/iOS",
				);
				INFOPLIST_FILE = SwiftLoggingDemo/Info.plist;
				LD_RUNPATH_SEARCH_PATHS = "$(inherited) @executable_path/Frameworks";
				PRODUCT_BUNDLE_IDENTIFIER = culumn.github.com.SwiftLoggingDemo;
				PRODUCT_NAME = "$(TARGET_NAME)";
				SWIFT_VERSION = 4.0;
				TARGETED_DEVICE_FAMILY = "1,2";
			};
			name = Debug;
		};
		96E22A171F86952B00F409DD /* Release */ = {
			isa = XCBuildConfiguration;
			buildSettings = {
				ASSETCATALOG_COMPILER_APPICON_NAME = AppIcon;
				CODE_SIGN_STYLE = Automatic;
				FRAMEWORK_SEARCH_PATHS = (
					"$(inherited)",
					"$(PROJECT_DIR)/Carthage/Build/iOS",
				);
				INFOPLIST_FILE = SwiftLoggingDemo/Info.plist;
				LD_RUNPATH_SEARCH_PATHS = "$(inherited) @executable_path/Frameworks";
				PRODUCT_BUNDLE_IDENTIFIER = culumn.github.com.SwiftLoggingDemo;
				PRODUCT_NAME = "$(TARGET_NAME)";
				SWIFT_VERSION = 4.0;
				TARGETED_DEVICE_FAMILY = "1,2";
			};
			name = Release;
		};
/* End XCBuildConfiguration section */

/* Begin XCConfigurationList section */
		96E229FE1F86952B00F409DD /* Build configuration list for PBXProject "SwiftLoggingDemo" */ = {
			isa = XCConfigurationList;
			buildConfigurations = (
				96E22A131F86952B00F409DD /* Debug */,
				96E22A141F86952B00F409DD /* Release */,
			);
			defaultConfigurationIsVisible = 0;
			defaultConfigurationName = Release;
		};
		96E22A151F86952B00F409DD /* Build configuration list for PBXNativeTarget "SwiftLoggingDemo" */ = {
			isa = XCConfigurationList;
			buildConfigurations = (
				96E22A161F86952B00F409DD /* Debug */,
				96E22A171F86952B00F409DD /* Release */,
			);
			defaultConfigurationIsVisible = 0;
			defaultConfigurationName = Release;
		};
/* End XCConfigurationList section */
	};
	rootObject = 96E229FB1F86952B00F409DD /* Project object */;
}
